<?xml version="1.0" encoding="utf-8"?>
<Project ToolsVersion="4.0" xmlns="http://schemas.microsoft.com/developer/msbuild/2003">
  <ItemGroup>
    <ClInclude Include="PreCompile.h">
      <Filter>PreCompile</Filter>
    </ClInclude>
    <ClInclude Include="ContentsEnum.h">
      <Filter>Global</Filter>
    </ClInclude>
    <ClInclude Include="KirbyContentsCore.h">
      <Filter>Core</Filter>
    </ClInclude>
    <ClInclude Include="TitleMap.h">
      <Filter>ContentsObject\Title</Filter>
    </ClInclude>
    <ClInclude Include="TitleGameMode.h">
      <Filter>ContentsObject\GameMode</Filter>
    </ClInclude>
    <ClInclude Include="Kirby.h">
      <Filter>ContentsObject\Player</Filter>
    </ClInclude>
    <ClInclude Include="TitleKirby.h">
      <Filter>ContentsObject\Title</Filter>
    </ClInclude>
    <ClInclude Include="Stage1_1_Map.h">
      <Filter>ContentsObject\Stage 1_1</Filter>
    </ClInclude>
    <ClInclude Include="Stage1_1_GameMode.h">
      <Filter>ContentsObject\GameMode</Filter>
    </ClInclude>
  </ItemGroup>
  <ItemGroup>
    <ClCompile Include="PreCompile.cpp">
      <Filter>PreCompile</Filter>
    </ClCompile>
    <ClCompile Include="ContentsEnum.cpp">
      <Filter>Global</Filter>
    </ClCompile>
    <ClCompile Include="KirbyContentsCore.cpp">
      <Filter>Core</Filter>
    </ClCompile>
    <ClCompile Include="TitleMap.cpp">
      <Filter>ContentsObject\Title</Filter>
    </ClCompile>
    <ClCompile Include="TitleGameMode.cpp">
      <Filter>ContentsObject\GameMode</Filter>
    </ClCompile>
    <ClCompile Include="Kirby.cpp">
      <Filter>ContentsObject\Player</Filter>
    </ClCompile>
    <ClCompile Include="TitleKirby.cpp">
      <Filter>ContentsObject\Title</Filter>
    </ClCompile>
    <ClCompile Include="Stage1_1_Map.cpp">
      <Filter>ContentsObject\Stage 1_1</Filter>
    </ClCompile>
    <ClCompile Include="Stage1_1_GameMode.cpp">
      <Filter>ContentsObject\GameMode</Filter>
    </ClCompile>
  </ItemGroup>
  <ItemGroup>
    <Filter Include="PreCompile">
      <UniqueIdentifier>{c4022ac5-0ad8-4dcb-90e2-7ba0fd12ee5e}</UniqueIdentifier>
    </Filter>
    <Filter Include="Global">
      <UniqueIdentifier>{3c01f258-cf39-4f1d-9c9d-37ca7a51ab9e}</UniqueIdentifier>
    </Filter>
    <Filter Include="Core">
      <UniqueIdentifier>{1216df93-2dcf-46f9-a662-e58e853335b1}</UniqueIdentifier>
    </Filter>
    <Filter Include="ContentsObject">
      <UniqueIdentifier>{5d5f059a-dd30-4c43-880f-adf8b1b2a3dc}</UniqueIdentifier>
    </Filter>
    <Filter Include="ContentsObject\GameMode">
      <UniqueIdentifier>{e2509237-b126-4819-b1d3-7ecccbf9ee60}</UniqueIdentifier>
    </Filter>
    <Filter Include="ContentsObject\Title">
      <UniqueIdentifier>{51a6bc1b-9910-4d30-bc0e-8783b3ea7bb8}</UniqueIdentifier>
    </Filter>
    <Filter Include="ContentsObject\Player">
      <UniqueIdentifier>{6dc3c2c8-3645-494f-b3b7-e133cc09b75d}</UniqueIdentifier>
    </Filter>
    <Filter Include="ContentsObject\Stage 1_1">
      <UniqueIdentifier>{1173d6c2-c373-4ca5-9e83-8a580f179c2b}</UniqueIdentifier>
    </Filter>
  </ItemGroup>
</Project>