
Microsoft Visual Studio Solution File, Format Version 12.00
# Visual Studio Version 17
VisualStudioVersion = 17.11.35327.3
MinimumVisualStudioVersion = 10.0.40219.1
Project("{8BC9CEB8-8B4A-11D0-8D11-00A0C91BC942}") = "EnginePlatform", "EnginePlatform\EnginePlatform.vcxproj", "{CE2F9D6D-C280-4F3B-8B6D-A89D11A631D3}"
	ProjectSection(ProjectDependencies) = postProject
		{A57A3818-F473-45E0-B3B0-36DF1F609EAE} = {A57A3818-F473-45E0-B3B0-36DF1F609EAE}
	EndProjectSection
EndProject
Project("{8BC9CEB8-8B4A-11D0-8D11-00A0C91BC942}") = "EngineBase", "EngineBase\EngineBase.vcxproj", "{A57A3818-F473-45E0-B3B0-36DF1F609EAE}"
EndProject
Project("{2150E333-8FDC-42A3-9474-1A3956D46DE8}") = "Level0_Base", "Level0_Base", "{3152947E-25EA-4DC0-AB95-4B7533CB932A}"
EndProject
Project("{2150E333-8FDC-42A3-9474-1A3956D46DE8}") = "Level1_OS", "Level1_OS", "{FE06FD6A-B617-4C9C-AAE3-2876F67BD4EB}"
EndProject
Project("{2150E333-8FDC-42A3-9474-1A3956D46DE8}") = "Level2_Engine", "Level2_Engine", "{F08C0DE1-F81C-430C-85D0-85AD7C15691D}"
EndProject
Project("{8BC9CEB8-8B4A-11D0-8D11-00A0C91BC942}") = "EngineCore", "EngineCore\EngineCore.vcxproj", "{BFC9E04D-6C86-4140-9002-05E462382DAA}"
	ProjectSection(ProjectDependencies) = postProject
		{A57A3818-F473-45E0-B3B0-36DF1F609EAE} = {A57A3818-F473-45E0-B3B0-36DF1F609EAE}
		{CE2F9D6D-C280-4F3B-8B6D-A89D11A631D3} = {CE2F9D6D-C280-4F3B-8B6D-A89D11A631D3}
	EndProjectSection
EndProject
Project("{2150E333-8FDC-42A3-9474-1A3956D46DE8}") = "Level3_Contents", "Level3_Contents", "{D8BF3B8D-BCD1-4061-B5A2-730B6214371E}"
EndProject
Project("{2150E333-8FDC-42A3-9474-1A3956D46DE8}") = "Level4_App", "Level4_App", "{7D3111EE-292E-4752-AF05-E0D15E3A2BB8}"
EndProject
Project("{8BC9CEB8-8B4A-11D0-8D11-00A0C91BC942}") = "App", "App\App.vcxproj", "{FCBD367B-4522-4CF3-803E-C8160EEEE09D}"
	ProjectSection(ProjectDependencies) = postProject
		{A57A3818-F473-45E0-B3B0-36DF1F609EAE} = {A57A3818-F473-45E0-B3B0-36DF1F609EAE}
		{BFC9E04D-6C86-4140-9002-05E462382DAA} = {BFC9E04D-6C86-4140-9002-05E462382DAA}
		{CE2F9D6D-C280-4F3B-8B6D-A89D11A631D3} = {CE2F9D6D-C280-4F3B-8B6D-A89D11A631D3}
		{FF6353C1-F445-4001-AA75-89EA5F23AD81} = {FF6353C1-F445-4001-AA75-89EA5F23AD81}
	EndProjectSection
EndProject
Project("{8BC9CEB8-8B4A-11D0-8D11-00A0C91BC942}") = "ContentsProject", "ContentsProject\ContentsProject.vcxproj", "{FF6353C1-F445-4001-AA75-89EA5F23AD81}"
EndProject
Global
	GlobalSection(SolutionConfigurationPlatforms) = preSolution
		Debug|x64 = Debug|x64
		Debug|x86 = Debug|x86
		Release|x64 = Release|x64
		Release|x86 = Release|x86
	EndGlobalSection
	GlobalSection(ProjectConfigurationPlatforms) = postSolution
		{CE2F9D6D-C280-4F3B-8B6D-A89D11A631D3}.Debug|x64.ActiveCfg = Debug|x64
		{CE2F9D6D-C280-4F3B-8B6D-A89D11A631D3}.Debug|x64.Build.0 = Debug|x64
		{CE2F9D6D-C280-4F3B-8B6D-A89D11A631D3}.Debug|x86.ActiveCfg = Debug|Win32
		{CE2F9D6D-C280-4F3B-8B6D-A89D11A631D3}.Debug|x86.Build.0 = Debug|Win32
		{CE2F9D6D-C280-4F3B-8B6D-A89D11A631D3}.Release|x64.ActiveCfg = Release|x64
		{CE2F9D6D-C280-4F3B-8B6D-A89D11A631D3}.Release|x64.Build.0 = Release|x64
		{CE2F9D6D-C280-4F3B-8B6D-A89D11A631D3}.Release|x86.ActiveCfg = Release|Win32
		{CE2F9D6D-C280-4F3B-8B6D-A89D11A631D3}.Release|x86.Build.0 = Release|Win32
		{A57A3818-F473-45E0-B3B0-36DF1F609EAE}.Debug|x64.ActiveCfg = Debug|x64
		{A57A3818-F473-45E0-B3B0-36DF1F609EAE}.Debug|x64.Build.0 = Debug|x64
		{A57A3818-F473-45E0-B3B0-36DF1F609EAE}.Debug|x86.ActiveCfg = Debug|Win32
		{A57A3818-F473-45E0-B3B0-36DF1F609EAE}.Debug|x86.Build.0 = Debug|Win32
		{A57A3818-F473-45E0-B3B0-36DF1F609EAE}.Release|x64.ActiveCfg = Release|x64
		{A57A3818-F473-45E0-B3B0-36DF1F609EAE}.Release|x64.Build.0 = Release|x64
		{A57A3818-F473-45E0-B3B0-36DF1F609EAE}.Release|x86.ActiveCfg = Release|Win32
		{A57A3818-F473-45E0-B3B0-36DF1F609EAE}.Release|x86.Build.0 = Release|Win32
		{BFC9E04D-6C86-4140-9002-05E462382DAA}.Debug|x64.ActiveCfg = Debug|x64
		{BFC9E04D-6C86-4140-9002-05E462382DAA}.Debug|x64.Build.0 = Debug|x64
		{BFC9E04D-6C86-4140-9002-05E462382DAA}.Debug|x86.ActiveCfg = Debug|Win32
		{BFC9E04D-6C86-4140-9002-05E462382DAA}.Debug|x86.Build.0 = Debug|Win32
		{BFC9E04D-6C86-4140-9002-05E462382DAA}.Release|x64.ActiveCfg = Release|x64
		{BFC9E04D-6C86-4140-9002-05E462382DAA}.Release|x64.Build.0 = Release|x64
		{BFC9E04D-6C86-4140-9002-05E462382DAA}.Release|x86.ActiveCfg = Release|Win32
		{BFC9E04D-6C86-4140-9002-05E462382DAA}.Release|x86.Build.0 = Release|Win32
		{FCBD367B-4522-4CF3-803E-C8160EEEE09D}.Debug|x64.ActiveCfg = Debug|x64
		{FCBD367B-4522-4CF3-803E-C8160EEEE09D}.Debug|x64.Build.0 = Debug|x64
		{FCBD367B-4522-4CF3-803E-C8160EEEE09D}.Debug|x86.ActiveCfg = Debug|Win32
		{FCBD367B-4522-4CF3-803E-C8160EEEE09D}.Debug|x86.Build.0 = Debug|Win32
		{FCBD367B-4522-4CF3-803E-C8160EEEE09D}.Release|x64.ActiveCfg = Release|x64
		{FCBD367B-4522-4CF3-803E-C8160EEEE09D}.Release|x64.Build.0 = Release|x64
		{FCBD367B-4522-4CF3-803E-C8160EEEE09D}.Release|x86.ActiveCfg = Release|Win32
		{FCBD367B-4522-4CF3-803E-C8160EEEE09D}.Release|x86.Build.0 = Release|Win32
		{FF6353C1-F445-4001-AA75-89EA5F23AD81}.Debug|x64.ActiveCfg = Debug|x64
		{FF6353C1-F445-4001-AA75-89EA5F23AD81}.Debug|x64.Build.0 = Debug|x64
		{FF6353C1-F445-4001-AA75-89EA5F23AD81}.Debug|x86.ActiveCfg = Debug|Win32
		{FF6353C1-F445-4001-AA75-89EA5F23AD81}.Debug|x86.Build.0 = Debug|Win32
		{FF6353C1-F445-4001-AA75-89EA5F23AD81}.Release|x64.ActiveCfg = Release|x64
		{FF6353C1-F445-4001-AA75-89EA5F23AD81}.Release|x64.Build.0 = Release|x64
		{FF6353C1-F445-4001-AA75-89EA5F23AD81}.Release|x86.ActiveCfg = Release|Win32
		{FF6353C1-F445-4001-AA75-89EA5F23AD81}.Release|x86.Build.0 = Release|Win32
	EndGlobalSection
	GlobalSection(SolutionProperties) = preSolution
		HideSolutionNode = FALSE
	EndGlobalSection
	GlobalSection(NestedProjects) = preSolution
		{CE2F9D6D-C280-4F3B-8B6D-A89D11A631D3} = {FE06FD6A-B617-4C9C-AAE3-2876F67BD4EB}
		{A57A3818-F473-45E0-B3B0-36DF1F609EAE} = {3152947E-25EA-4DC0-AB95-4B7533CB932A}
		{BFC9E04D-6C86-4140-9002-05E462382DAA} = {F08C0DE1-F81C-430C-85D0-85AD7C15691D}
		{FCBD367B-4522-4CF3-803E-C8160EEEE09D} = {7D3111EE-292E-4752-AF05-E0D15E3A2BB8}
		{FF6353C1-F445-4001-AA75-89EA5F23AD81} = {D8BF3B8D-BCD1-4061-B5A2-730B6214371E}
	EndGlobalSection
	GlobalSection(ExtensibilityGlobals) = postSolution
		SolutionGuid = {815A1AA5-2A77-4E1F-B842-F973B000311C}
	EndGlobalSection
EndGlobal
